// !$*UTF8*$!
{
	archiveVersion = 1;
	classes = {
	};
	objectVersion = 56;
	objects = {

/* Begin PBXBuildFile section */
		866B092B2975E9960002BEB1 /* ViewProvider.swift in Sources */ = {isa = PBXBuildFile; fileRef = 866B092A2975E9960002BEB1 /* ViewProvider.swift */; };
		866B093129788BF80002BEB1 /* ViewLayoutStructure.swift in Sources */ = {isa = PBXBuildFile; fileRef = 866B093029788BF80002BEB1 /* ViewLayoutStructure.swift */; };
		869ECDF82981979300B4E06B /* ReusableView.swift in Sources */ = {isa = PBXBuildFile; fileRef = 869ECDF72981979300B4E06B /* ReusableView.swift */; };
		86C15EBB297379040055BC1F /* MapLikeScrollViewApp.swift in Sources */ = {isa = PBXBuildFile; fileRef = 86C15EBA297379040055BC1F /* MapLikeScrollViewApp.swift */; };
		86C15EBD297379040055BC1F /* ContentView.swift in Sources */ = {isa = PBXBuildFile; fileRef = 86C15EBC297379040055BC1F /* ContentView.swift */; };
		86C15EBF297379080055BC1F /* Assets.xcassets in Resources */ = {isa = PBXBuildFile; fileRef = 86C15EBE297379080055BC1F /* Assets.xcassets */; };
		86C15EC3297379080055BC1F /* Preview Assets.xcassets in Resources */ = {isa = PBXBuildFile; fileRef = 86C15EC2297379080055BC1F /* Preview Assets.xcassets */; };
		86C15ECB297379430055BC1F /* MapLikeScrollView.swift in Sources */ = {isa = PBXBuildFile; fileRef = 86C15ECA297379430055BC1F /* MapLikeScrollView.swift */; };
		86C15ECD297392B60055BC1F /* Coordinate.swift in Sources */ = {isa = PBXBuildFile; fileRef = 86C15ECC297392B60055BC1F /* Coordinate.swift */; };
		86C15ECF297392C20055BC1F /* ScrollDirection.swift in Sources */ = {isa = PBXBuildFile; fileRef = 86C15ECE297392C20055BC1F /* ScrollDirection.swift */; };
/* End PBXBuildFile section */

/* Begin PBXFileReference section */
		866B092A2975E9960002BEB1 /* ViewProvider.swift */ = {isa = PBXFileReference; lastKnownFileType = sourcecode.swift; path = ViewProvider.swift; sourceTree = "<group>"; };
		866B093029788BF80002BEB1 /* ViewLayoutStructure.swift */ = {isa = PBXFileReference; lastKnownFileType = sourcecode.swift; path = ViewLayoutStructure.swift; sourceTree = "<group>"; };
		869ECDF72981979300B4E06B /* ReusableView.swift */ = {isa = PBXFileReference; lastKnownFileType = sourcecode.swift; path = ReusableView.swift; sourceTree = "<group>"; };
		86C15EB7297379040055BC1F /* MapLikeScrollView.app */ = {isa = PBXFileReference; explicitFileType = wrapper.application; includeInIndex = 0; path = MapLikeScrollView.app; sourceTree = BUILT_PRODUCTS_DIR; };
		86C15EBA297379040055BC1F /* MapLikeScrollViewApp.swift */ = {isa = PBXFileReference; lastKnownFileType = sourcecode.swift; path = MapLikeScrollViewApp.swift; sourceTree = "<group>"; };
		86C15EBC297379040055BC1F /* ContentView.swift */ = {isa = PBXFileReference; lastKnownFileType = sourcecode.swift; path = ContentView.swift; sourceTree = "<group>"; };
		86C15EBE297379080055BC1F /* Assets.xcassets */ = {isa = PBXFileReference; lastKnownFileType = folder.assetcatalog; path = Assets.xcassets; sourceTree = "<group>"; };
		86C15EC0297379080055BC1F /* MapLikeScrollView.entitlements */ = {isa = PBXFileReference; lastKnownFileType = text.plist.entitlements; path = MapLikeScrollView.entitlements; sourceTree = "<group>"; };
		86C15EC2297379080055BC1F /* Preview Assets.xcassets */ = {isa = PBXFileReference; lastKnownFileType = folder.assetcatalog; path = "Preview Assets.xcassets"; sourceTree = "<group>"; };
		86C15ECA297379430055BC1F /* MapLikeScrollView.swift */ = {isa = PBXFileReference; lastKnownFileType = sourcecode.swift; path = MapLikeScrollView.swift; sourceTree = "<group>"; };
		86C15ECC297392B60055BC1F /* Coordinate.swift */ = {isa = PBXFileReference; lastKnownFileType = sourcecode.swift; path = Coordinate.swift; sourceTree = "<group>"; };
		86C15ECE297392C20055BC1F /* ScrollDirection.swift */ = {isa = PBXFileReference; lastKnownFileType = sourcecode.swift; path = ScrollDirection.swift; sourceTree = "<group>"; };
/* End PBXFileReference section */

/* Begin PBXFrameworksBuildPhase section */
		86C15EB4297379040055BC1F /* Frameworks */ = {
			isa = PBXFrameworksBuildPhase;
			buildActionMask = 2147483647;
			files = (
			);
			runOnlyForDeploymentPostprocessing = 0;
		};
/* End PBXFrameworksBuildPhase section */

/* Begin PBXGroup section */
		86C15EAE297379040055BC1F = {
			isa = PBXGroup;
			children = (
				86C15EB9297379040055BC1F /* MapLikeScrollView */,
				86C15EB8297379040055BC1F /* Products */,
			);
			sourceTree = "<group>";
		};
		86C15EB8297379040055BC1F /* Products */ = {
			isa = PBXGroup;
			children = (
				86C15EB7297379040055BC1F /* MapLikeScrollView.app */,
			);
			name = Products;
			sourceTree = "<group>";
		};
		86C15EB9297379040055BC1F /* MapLikeScrollView */ = {
			isa = PBXGroup;
			children = (
				86C15EBA297379040055BC1F /* MapLikeScrollViewApp.swift */,
				86C15EBC297379040055BC1F /* ContentView.swift */,
				86C15EC92973792D0055BC1F /* MapLikeScrollView */,
				86C15EBE297379080055BC1F /* Assets.xcassets */,
				86C15EC0297379080055BC1F /* MapLikeScrollView.entitlements */,
				86C15EC1297379080055BC1F /* Preview Content */,
			);
			path = MapLikeScrollView;
			sourceTree = "<group>";
		};
		86C15EC1297379080055BC1F /* Preview Content */ = {
			isa = PBXGroup;
			children = (
				86C15EC2297379080055BC1F /* Preview Assets.xcassets */,
			);
			path = "Preview Content";
			sourceTree = "<group>";
		};
		86C15EC92973792D0055BC1F /* MapLikeScrollView */ = {
			isa = PBXGroup;
			children = (
				86C15ECA297379430055BC1F /* MapLikeScrollView.swift */,
				866B092A2975E9960002BEB1 /* ViewProvider.swift */,
				869ECDF72981979300B4E06B /* ReusableView.swift */,
				866B093029788BF80002BEB1 /* ViewLayoutStructure.swift */,
				86C15ECC297392B60055BC1F /* Coordinate.swift */,
				86C15ECE297392C20055BC1F /* ScrollDirection.swift */,
			);
			path = MapLikeScrollView;
			sourceTree = "<group>";
		};
/* End PBXGroup section */

/* Begin PBXNativeTarget section */
		86C15EB6297379040055BC1F /* MapLikeScrollView */ = {
			isa = PBXNativeTarget;
			buildConfigurationList = 86C15EC6297379080055BC1F /* Build configuration list for PBXNativeTarget "MapLikeScrollView" */;
			buildPhases = (
				86C15EB3297379040055BC1F /* Sources */,
				86C15EB4297379040055BC1F /* Frameworks */,
				86C15EB5297379040055BC1F /* Resources */,
			);
			buildRules = (
			);
			dependencies = (
			);
			name = MapLikeScrollView;
			productName = MapLikeScrollView;
			productReference = 86C15EB7297379040055BC1F /* MapLikeScrollView.app */;
			productType = "com.apple.product-type.application";
		};
/* End PBXNativeTarget section */

/* Begin PBXProject section */
		86C15EAF297379040055BC1F /* Project object */ = {
			isa = PBXProject;
			attributes = {
				BuildIndependentTargetsInParallel = 1;
				LastSwiftUpdateCheck = 1420;
				LastUpgradeCheck = 1420;
				TargetAttributes = {
					86C15EB6297379040055BC1F = {
						CreatedOnToolsVersion = 14.2;
					};
				};
			};
			buildConfigurationList = 86C15EB2297379040055BC1F /* Build configuration list for PBXProject "MapLikeScrollView" */;
			compatibilityVersion = "Xcode 14.0";
			developmentRegion = en;
			hasScannedForEncodings = 0;
			knownRegions = (
				en,
				Base,
			);
			mainGroup = 86C15EAE297379040055BC1F;
			productRefGroup = 86C15EB8297379040055BC1F /* Products */;
			projectDirPath = "";
			projectRoot = "";
			targets = (
				86C15EB6297379040055BC1F /* MapLikeScrollView */,
			);
		};
/* End PBXProject section */

/* Begin PBXResourcesBuildPhase section */
		86C15EB5297379040055BC1F /* Resources */ = {
			isa = PBXResourcesBuildPhase;
			buildActionMask = 2147483647;
			files = (
				86C15EC3297379080055BC1F /* Preview Assets.xcassets in Resources */,
				86C15EBF297379080055BC1F /* Assets.xcassets in Resources */,
			);
			runOnlyForDeploymentPostprocessing = 0;
		};
/* End PBXResourcesBuildPhase section */

/* Begin PBXSourcesBuildPhase section */
		86C15EB3297379040055BC1F /* Sources */ = {
			isa = PBXSourcesBuildPhase;
			buildActionMask = 2147483647;
			files = (
				866B093129788BF80002BEB1 /* ViewLayoutStructure.swift in Sources */,
				86C15EBD297379040055BC1F /* ContentView.swift in Sources */,
				866B092B2975E9960002BEB1 /* ViewProvider.swift in Sources */,
				869ECDF82981979300B4E06B /* ReusableView.swift in Sources */,
				86C15ECF297392C20055BC1F /* ScrollDirection.swift in Sources */,
				86C15ECB297379430055BC1F /* MapLikeScrollView.swift in Sources */,
				86C15EBB297379040055BC1F /* MapLikeScrollViewApp.swift in Sources */,
				86C15ECD297392B60055BC1F /* Coordinate.swift in Sources */,
			);
			runOnlyForDeploymentPostprocessing = 0;
		};
/* End PBXSourcesBuildPhase section */

/* Begin XCBuildConfiguration section */
		86C15EC4297379080055BC1F /* Debug */ = {
			isa = XCBuildConfiguration;
			buildSettings = {
				ALWAYS_SEARCH_USER_PATHS = NO;
				CLANG_ANALYZER_NONNULL = YES;
				CLANG_ANALYZER_NUMBER_OBJECT_CONVERSION = YES_AGGRESSIVE;
				CLANG_CXX_LANGUAGE_STANDARD = "gnu++20";
				CLANG_ENABLE_MODULES = YES;
				CLANG_ENABLE_OBJC_ARC = YES;
				CLANG_ENABLE_OBJC_WEAK = YES;
				CLANG_WARN_BLOCK_CAPTURE_AUTORELEASING = YES;
				CLANG_WARN_BOOL_CONVERSION = YES;
				CLANG_WARN_COMMA = YES;
				CLANG_WARN_CONSTANT_CONVERSION = YES;
				CLANG_WARN_DEPRECATED_OBJC_IMPLEMENTATIONS = YES;
				CLANG_WARN_DIRECT_OBJC_ISA_USAGE = YES_ERROR;
				CLANG_WARN_DOCUMENTATION_COMMENTS = YES;
				CLANG_WARN_EMPTY_BODY = YES;
				CLANG_WARN_ENUM_CONVERSION = YES;
				CLANG_WARN_INFINITE_RECURSION = YES;
				CLANG_WARN_INT_CONVERSION = YES;
				CLANG_WARN_NON_LITERAL_NULL_CONVERSION = YES;
				CLANG_WARN_OBJC_IMPLICIT_RETAIN_SELF = YES;
				CLANG_WARN_OBJC_LITERAL_CONVERSION = YES;
				CLANG_WARN_OBJC_ROOT_CLASS = YES_ERROR;
				CLANG_WARN_QUOTED_INCLUDE_IN_FRAMEWORK_HEADER = YES;
				CLANG_WARN_RANGE_LOOP_ANALYSIS = YES;
				CLANG_WARN_STRICT_PROTOTYPES = YES;
				CLANG_WARN_SUSPICIOUS_MOVE = YES;
				CLANG_WARN_UNGUARDED_AVAILABILITY = YES_AGGRESSIVE;
				CLANG_WARN_UNREACHABLE_CODE = YES;
				CLANG_WARN__DUPLICATE_METHOD_MATCH = YES;
				COPY_PHASE_STRIP = NO;
				DEBUG_INFORMATION_FORMAT = dwarf;
				ENABLE_STRICT_OBJC_MSGSEND = YES;
				ENABLE_TESTABILITY = YES;
				GCC_C_LANGUAGE_STANDARD = gnu11;
				GCC_DYNAMIC_NO_PIC = NO;
				GCC_NO_COMMON_BLOCKS = YES;
				GCC_OPTIMIZATION_LEVEL = 0;
				GCC_PREPROCESSOR_DEFINITIONS = (
					"DEBUG=1",
					"$(inherited)",
				);
				GCC_WARN_64_TO_32_BIT_CONVERSION = YES;
				GCC_WARN_ABOUT_RETURN_TYPE = YES_ERROR;
				GCC_WARN_UNDECLARED_SELECTOR = YES;
				GCC_WARN_UNINITIALIZED_AUTOS = YES_AGGRESSIVE;
				GCC_WARN_UNUSED_FUNCTION = YES;
				GCC_WARN_UNUSED_VARIABLE = YES;
				MTL_ENABLE_DEBUG_INFO = INCLUDE_SOURCE;
				MTL_FAST_MATH = YES;
				ONLY_ACTIVE_ARCH = YES;
				SWIFT_ACTIVE_COMPILATION_CONDITIONS = DEBUG;
				SWIFT_OPTIMIZATION_LEVEL = "-Onone";
			};
			name = Debug;
		};
		86C15EC5297379080055BC1F /* Release */ = {
			isa = XCBuildConfiguration;
			buildSettings = {
				ALWAYS_SEARCH_USER_PATHS = NO;
				CLANG_ANALYZER_NONNULL = YES;
				CLANG_ANALYZER_NUMBER_OBJECT_CONVERSION = YES_AGGRESSIVE;
				CLANG_CXX_LANGUAGE_STANDARD = "gnu++20";
				CLANG_ENABLE_MODULES = YES;
				CLANG_ENABLE_OBJC_ARC = YES;
				CLANG_ENABLE_OBJC_WEAK = YES;
				CLANG_WARN_BLOCK_CAPTURE_AUTORELEASING = YES;
				CLANG_WARN_BOOL_CONVERSION = YES;
				CLANG_WARN_COMMA = YES;
				CLANG_WARN_CONSTANT_CONVERSION = YES;
				CLANG_WARN_DEPRECATED_OBJC_IMPLEMENTATIONS = YES;
				CLANG_WARN_DIRECT_OBJC_ISA_USAGE = YES_ERROR;
				CLANG_WARN_DOCUMENTATION_COMMENTS = YES;
				CLANG_WARN_EMPTY_BODY = YES;
				CLANG_WARN_ENUM_CONVERSION = YES;
				CLANG_WARN_INFINITE_RECURSION = YES;
				CLANG_WARN_INT_CONVERSION = YES;
				CLANG_WARN_NON_LITERAL_NULL_CONVERSION = YES;
				CLANG_WARN_OBJC_IMPLICIT_RETAIN_SELF = YES;
				CLANG_WARN_OBJC_LITERAL_CONVERSION = YES;
				CLANG_WARN_OBJC_ROOT_CLASS = YES_ERROR;
				CLANG_WARN_QUOTED_INCLUDE_IN_FRAMEWORK_HEADER = YES;
				CLANG_WARN_RANGE_LOOP_ANALYSIS = YES;
				CLANG_WARN_STRICT_PROTOTYPES = YES;
				CLANG_WARN_SUSPICIOUS_MOVE = YES;
				CLANG_WARN_UNGUARDED_AVAILABILITY = YES_AGGRESSIVE;
				CLANG_WARN_UNREACHABLE_CODE = YES;
				CLANG_WARN__DUPLICATE_METHOD_MATCH = YES;
				COPY_PHASE_STRIP = NO;
				DEBUG_INFORMATION_FORMAT = "dwarf-with-dsym";
				ENABLE_NS_ASSERTIONS = NO;
				ENABLE_STRICT_OBJC_MSGSEND = YES;
				GCC_C_LANGUAGE_STANDARD = gnu11;
				GCC_NO_COMMON_BLOCKS = YES;
				GCC_WARN_64_TO_32_BIT_CONVERSION = YES;
				GCC_WARN_ABOUT_RETURN_TYPE = YES_ERROR;
				GCC_WARN_UNDECLARED_SELECTOR = YES;
				GCC_WARN_UNINITIALIZED_AUTOS = YES_AGGRESSIVE;
				GCC_WARN_UNUSED_FUNCTION = YES;
				GCC_WARN_UNUSED_VARIABLE = YES;
				MTL_ENABLE_DEBUG_INFO = NO;
				MTL_FAST_MATH = YES;
				SWIFT_COMPILATION_MODE = wholemodule;
				SWIFT_OPTIMIZATION_LEVEL = "-O";
			};
			name = Release;
		};
		86C15EC7297379080055BC1F /* Debug */ = {
			isa = XCBuildConfiguration;
			buildSettings = {
				ASSETCATALOG_COMPILER_APPICON_NAME = AppIcon;
				ASSETCATALOG_COMPILER_GLOBAL_ACCENT_COLOR_NAME = AccentColor;
				CODE_SIGN_ENTITLEMENTS = MapLikeScrollView/MapLikeScrollView.entitlements;
				CODE_SIGN_STYLE = Automatic;
				CURRENT_PROJECT_VERSION = 1;
				DEVELOPMENT_ASSET_PATHS = "\"MapLikeScrollView/Preview Content\"";
				DEVELOPMENT_TEAM = A6635SAL2C;
				ENABLE_HARDENED_RUNTIME = YES;
				ENABLE_PREVIEWS = YES;
				GENERATE_INFOPLIST_FILE = YES;
				"INFOPLIST_KEY_UIApplicationSceneManifest_Generation[sdk=iphoneos*]" = YES;
				"INFOPLIST_KEY_UIApplicationSceneManifest_Generation[sdk=iphonesimulator*]" = YES;
				"INFOPLIST_KEY_UIApplicationSupportsIndirectInputEvents[sdk=iphoneos*]" = YES;
				"INFOPLIST_KEY_UIApplicationSupportsIndirectInputEvents[sdk=iphonesimulator*]" = YES;
				"INFOPLIST_KEY_UILaunchScreen_Generation[sdk=iphoneos*]" = YES;
				"INFOPLIST_KEY_UILaunchScreen_Generation[sdk=iphonesimulator*]" = YES;
				"INFOPLIST_KEY_UIStatusBarStyle[sdk=iphoneos*]" = UIStatusBarStyleDefault;
				"INFOPLIST_KEY_UIStatusBarStyle[sdk=iphonesimulator*]" = UIStatusBarStyleDefault;
				INFOPLIST_KEY_UISupportedInterfaceOrientations_iPad = "UIInterfaceOrientationPortrait UIInterfaceOrientationPortraitUpsideDown UIInterfaceOrientationLandscapeLeft UIInterfaceOrientationLandscapeRight";
				INFOPLIST_KEY_UISupportedInterfaceOrientations_iPhone = "UIInterfaceOrientationPortrait UIInterfaceOrientationLandscapeLeft UIInterfaceOrientationLandscapeRight";
				IPHONEOS_DEPLOYMENT_TARGET = 15.6;
				LD_RUNPATH_SEARCH_PATHS = "@executable_path/Frameworks";
				"LD_RUNPATH_SEARCH_PATHS[sdk=macosx*]" = "@executable_path/../Frameworks";
				MACOSX_DEPLOYMENT_TARGET = 13.0;
				MARKETING_VERSION = 1.0;
				PRODUCT_BUNDLE_IDENTIFIER = com.davit.ghushchyan.MapLikeScrollView;
				PRODUCT_NAME = "$(TARGET_NAME)";
				SDKROOT = auto;
				SUPPORTED_PLATFORMS = "iphoneos iphonesimulator";
				SUPPORTS_MACCATALYST = NO;
				SUPPORTS_MAC_DESIGNED_FOR_IPHONE_IPAD = NO;
				SWIFT_EMIT_LOC_STRINGS = YES;
				SWIFT_VERSION = 5.0;
				TARGETED_DEVICE_FAMILY = 1;
			};
			name = Debug;
		};
		86C15EC8297379080055BC1F /* Release */ = {
			isa = XCBuildConfiguration;
			buildSettings = {
				ASSETCATALOG_COMPILER_APPICON_NAME = AppIcon;
				ASSETCATALOG_COMPILER_GLOBAL_ACCENT_COLOR_NAME = AccentColor;
				CODE_SIGN_ENTITLEMENTS = MapLikeScrollView/MapLikeScrollView.entitlements;
				CODE_SIGN_STYLE = Automatic;
				CURRENT_PROJECT_VERSION = 1;
				DEVELOPMENT_ASSET_PATHS = "\"MapLikeScrollView/Preview Content\"";
				DEVELOPMENT_TEAM = A6635SAL2C;
				ENABLE_HARDENED_RUNTIME = YES;
				ENABLE_PREVIEWS = YES;
				GENERATE_INFOPLIST_FILE = YES;
				"INFOPLIST_KEY_UIApplicationSceneManifest_Generation[sdk=iphoneos*]" = YES;
				"INFOPLIST_KEY_UIApplicationSceneManifest_Generation[sdk=iphonesimulator*]" = YES;
				"INFOPLIST_KEY_UIApplicationSupportsIndirectInputEvents[sdk=iphoneos*]" = YES;
				"INFOPLIST_KEY_UIApplicationSupportsIndirectInputEvents[sdk=iphonesimulator*]" = YES;
				"INFOPLIST_KEY_UILaunchScreen_Generation[sdk=iphoneos*]" = YES;
				"INFOPLIST_KEY_UILaunchScreen_Generation[sdk=iphonesimulator*]" = YES;
				"INFOPLIST_KEY_UIStatusBarStyle[sdk=iphoneos*]" = UIStatusBarStyleDefault;
				"INFOPLIST_KEY_UIStatusBarStyle[sdk=iphonesimulator*]" = UIStatusBarStyleDefault;
				INFOPLIST_KEY_UISupportedInterfaceOrientations_iPad = "UIInterfaceOrientationPortrait UIInterfaceOrientationPortraitUpsideDown UIInterfaceOrientationLandscapeLeft UIInterfaceOrientationLandscapeRight";
				INFOPLIST_KEY_UISupportedInterfaceOrientations_iPhone = "UIInterfaceOrientationPortrait UIInterfaceOrientationLandscapeLeft UIInterfaceOrientationLandscapeRight";
				IPHONEOS_DEPLOYMENT_TARGET = 15.6;
				LD_RUNPATH_SEARCH_PATHS = "@executable_path/Frameworks";
				"LD_RUNPATH_SEARCH_PATHS[sdk=macosx*]" = "@executable_path/../Frameworks";
				MACOSX_DEPLOYMENT_TARGET = 13.0;
				MARKETING_VERSION = 1.0;
				PRODUCT_BUNDLE_IDENTIFIER = com.davit.ghushchyan.MapLikeScrollView;
				PRODUCT_NAME = "$(TARGET_NAME)";
				SDKROOT = auto;
				SUPPORTED_PLATFORMS = "iphoneos iphonesimulator";
				SUPPORTS_MACCATALYST = NO;
				SUPPORTS_MAC_DESIGNED_FOR_IPHONE_IPAD = NO;
				SWIFT_EMIT_LOC_STRINGS = YES;
				SWIFT_VERSION = 5.0;
				TARGETED_DEVICE_FAMILY = 1;
			};
			name = Release;
		};
/* End XCBuildConfiguration section */

/* Begin XCConfigurationList section */
		86C15EB2297379040055BC1F /* Build configuration list for PBXProject "MapLikeScrollView" */ = {
			isa = XCConfigurationList;
			buildConfigurations = (
				86C15EC4297379080055BC1F /* Debug */,
				86C15EC5297379080055BC1F /* Release */,
			);
			defaultConfigurationIsVisible = 0;
			defaultConfigurationName = Release;
		};
		86C15EC6297379080055BC1F /* Build configuration list for PBXNativeTarget "MapLikeScrollView" */ = {
			isa = XCConfigurationList;
			buildConfigurations = (
				86C15EC7297379080055BC1F /* Debug */,
				86C15EC8297379080055BC1F /* Release */,
			);
			defaultConfigurationIsVisible = 0;
			defaultConfigurationName = Release;
		};
/* End XCConfigurationList section */
	};
	rootObject = 86C15EAF297379040055BC1F /* Project object */;
}
